
Microsoft Visual Studio Solution File, Format Version 12.00
# Visual Studio Version 17
VisualStudioVersion = 17.8.34511.84
MinimumVisualStudioVersion = 10.0.40219.1
Project("{FAE04EC0-301F-11D3-BF4B-00C04F79EFBC}") = "SolidAssignment", "SolidAssignment\SolidAssignment.csproj", "{A37787F1-87C2-4900-B868-D70E0B7A29CD}"
EndProject
Global
	GlobalSection(SolutionConfigurationPlatforms) = preSolution
		Debug|Any CPU = Debug|Any CPU
		Release|Any CPU = Release|Any CPU
	EndGlobalSection
	GlobalSection(ProjectConfigurationPlatforms) = postSolution
		{A37787F1-87C2-4900-B868-D70E0B7A29CD}.Debug|Any CPU.ActiveCfg = Debug|Any CPU
		{A37787F1-87C2-4900-B868-D70E0B7A29CD}.Debug|Any CPU.Build.0 = Debug|Any CPU
		{A37787F1-87C2-4900-B868-D70E0B7A29CD}.Release|Any CPU.ActiveCfg = Release|Any CPU
		{A37787F1-87C2-4900-B868-D70E0B7A29CD}.Release|Any CPU.Build.0 = Release|Any CPU
	EndGlobalSection
	GlobalSection(SolutionProperties) = preSolution
		HideSolutionNode = FALSE
	EndGlobalSection
	GlobalSection(ExtensibilityGlobals) = postSolution
		SolutionGuid = {CAA51235-4754-4A17-9B17-E491B7BDA62A}
	EndGlobalSection
EndGlobal
